
Microsoft Visual Studio Solution File, Format Version 12.00
# Visual Studio Version 17
VisualStudioVersion = 17.9.34728.123
MinimumVisualStudioVersion = 10.0.40219.1
Project("{FAE04EC0-301F-11D3-BF4B-00C04F79EFBC}") = "PembaAPI", "PembaAPI\PembaAPI.csproj", "{42D04884-22E9-4383-A3F3-06519C1B391F}"
EndProject
Global
	GlobalSection(SolutionConfigurationPlatforms) = preSolution
		Debug|Any CPU = Debug|Any CPU
		Release|Any CPU = Release|Any CPU
	EndGlobalSection
	GlobalSection(ProjectConfigurationPlatforms) = postSolution
		{42D04884-22E9-4383-A3F3-06519C1B391F}.Debug|Any CPU.ActiveCfg = Debug|Any CPU
		{42D04884-22E9-4383-A3F3-06519C1B391F}.Debug|Any CPU.Build.0 = Debug|Any CPU
		{42D04884-22E9-4383-A3F3-06519C1B391F}.Release|Any CPU.ActiveCfg = Release|Any CPU
		{42D04884-22E9-4383-A3F3-06519C1B391F}.Release|Any CPU.Build.0 = Release|Any CPU
	EndGlobalSection
	GlobalSection(SolutionProperties) = preSolution
		HideSolutionNode = FALSE
	EndGlobalSection
	GlobalSection(ExtensibilityGlobals) = postSolution
		SolutionGuid = {E142CCF3-C2DC-40B4-ADC6-F4BD7CD78F9C}
	EndGlobalSection
EndGlobal
